
Microsoft Visual Studio Solution File, Format Version 12.00
# Visual Studio Version 17
VisualStudioVersion = 17.10.35004.147
MinimumVisualStudioVersion = 10.0.40219.1
Project("{FAE04EC0-301F-11D3-BF4B-00C04F79EFBC}") = "prakticheskaya10", "prakticheskaya10\prakticheskaya10.csproj", "{DB384FC9-C2FE-4A7B-957B-960A71D3A195}"
EndProject
Global
	GlobalSection(SolutionConfigurationPlatforms) = preSolution
		Debug|Any CPU = Debug|Any CPU
		Release|Any CPU = Release|Any CPU
	EndGlobalSection
	GlobalSection(ProjectConfigurationPlatforms) = postSolution
		{DB384FC9-C2FE-4A7B-957B-960A71D3A195}.Debug|Any CPU.ActiveCfg = Debug|Any CPU
		{DB384FC9-C2FE-4A7B-957B-960A71D3A195}.Debug|Any CPU.Build.0 = Debug|Any CPU
		{DB384FC9-C2FE-4A7B-957B-960A71D3A195}.Release|Any CPU.ActiveCfg = Release|Any CPU
		{DB384FC9-C2FE-4A7B-957B-960A71D3A195}.Release|Any CPU.Build.0 = Release|Any CPU
	EndGlobalSection
	GlobalSection(SolutionProperties) = preSolution
		HideSolutionNode = FALSE
	EndGlobalSection
	GlobalSection(ExtensibilityGlobals) = postSolution
		SolutionGuid = {0510B9A4-A0ED-499A-8DE8-E4596708D453}
	EndGlobalSection
EndGlobal
